
Microsoft Visual Studio Solution File, Format Version 12.00
# Visual Studio Version 17
VisualStudioVersion = 17.1.31911.260
MinimumVisualStudioVersion = 10.0.40219.1
Project("{FAE04EC0-301F-11D3-BF4B-00C04F79EFBC}") = "Flight-Agency.Application", "src\Flight-Agency.Application\Flight-Agency.Application.csproj", "{ED8F2682-D705-4AAF-834E-E6A9FE2F2FBD}"
EndProject
Project("{FAE04EC0-301F-11D3-BF4B-00C04F79EFBC}") = "Flight-Agency.Contracts", "src\Flight-Agency.Contracts\Flight-Agency.Contracts.csproj", "{129F0EC0-6F68-4D5A-9D1A-E4530CE1A38D}"
EndProject
Project("{FAE04EC0-301F-11D3-BF4B-00C04F79EFBC}") = "Flight-Agency.Infrastructure", "src\Flight-Agency.Infrastructure\Flight-Agency.Infrastructure.csproj", "{9A5C56A8-B4CB-4984-971C-C8936ACB6378}"
EndProject
Project("{FAE04EC0-301F-11D3-BF4B-00C04F79EFBC}") = "Flight-Agency.Models", "src\Flight-Agency.Models\Flight-Agency.Models.csproj", "{14707431-636A-4490-81A4-1B2A01262DB9}"
EndProject
Project("{FAE04EC0-301F-11D3-BF4B-00C04F79EFBC}") = "Flight-Agency.WebApi", "src\Flight-Agency.Web-Api\Flight-Agency.WebApi.csproj", "{1491FBB4-1076-4465-B9B6-6235753171CE}"
EndProject
Global
	GlobalSection(SolutionConfigurationPlatforms) = preSolution
		Debug|Any CPU = Debug|Any CPU
		Release|Any CPU = Release|Any CPU
	EndGlobalSection
	GlobalSection(ProjectConfigurationPlatforms) = postSolution
		{ED8F2682-D705-4AAF-834E-E6A9FE2F2FBD}.Debug|Any CPU.ActiveCfg = Debug|Any CPU
		{ED8F2682-D705-4AAF-834E-E6A9FE2F2FBD}.Debug|Any CPU.Build.0 = Debug|Any CPU
		{129F0EC0-6F68-4D5A-9D1A-E4530CE1A38D}.Debug|Any CPU.ActiveCfg = Debug|Any CPU
		{129F0EC0-6F68-4D5A-9D1A-E4530CE1A38D}.Debug|Any CPU.Build.0 = Debug|Any CPU
		{9A5C56A8-B4CB-4984-971C-C8936ACB6378}.Debug|Any CPU.ActiveCfg = Debug|Any CPU
		{9A5C56A8-B4CB-4984-971C-C8936ACB6378}.Debug|Any CPU.Build.0 = Debug|Any CPU
		{14707431-636A-4490-81A4-1B2A01262DB9}.Debug|Any CPU.ActiveCfg = Debug|Any CPU
		{14707431-636A-4490-81A4-1B2A01262DB9}.Debug|Any CPU.Build.0 = Debug|Any CPU
		{1491FBB4-1076-4465-B9B6-6235753171CE}.Debug|Any CPU.ActiveCfg = Debug|Any CPU
		{1491FBB4-1076-4465-B9B6-6235753171CE}.Debug|Any CPU.Build.0 = Debug|Any CPU
	EndGlobalSection
	GlobalSection(SolutionProperties) = preSolution
		HideSolutionNode = FALSE
	EndGlobalSection
	GlobalSection(ExtensibilityGlobals) = postSolution
		SolutionGuid = {51567F33-C6E7-4C28-9378-FC89607FAEF5}
	EndGlobalSection
EndGlobal
